
Microsoft Visual Studio Solution File, Format Version 12.00
# Visual Studio 15
VisualStudioVersion = 15.0.27004.2006
MinimumVisualStudioVersion = 10.0.40219.1
Project("{2150E333-8FDC-42A3-9474-1A3956D46DE8}") = "Tests", "Tests", "{642D2790-5FA5-4250-A583-24703632C384}"
EndProject
Project("{9A19103F-16F7-4668-BE54-9A1E7A4F7556}") = "DbLocalizationProvider.Core.AspNetSample", "Tests\DbLocalizationProvider.Core.AspNetSample\DbLocalizationProvider.Core.AspNetSample.csproj", "{11B276D9-2672-419E-9C49-6E6F55E6D975}"
EndProject
Project("{9A19103F-16F7-4668-BE54-9A1E7A4F7556}") = "DbLocalizationProvider.Abstractions", "src\DbLocalizationProvider.Abstractions\DbLocalizationProvider.Abstractions.csproj", "{5453BED3-0A29-414C-9535-57264C1F37E9}"
EndProject
Project("{9A19103F-16F7-4668-BE54-9A1E7A4F7556}") = "DbLocalizationProvider.AspNetCore", "src\DbLocalizationProvider.AspNetCore\DbLocalizationProvider.AspNetCore.csproj", "{8537899B-31B5-49AA-A098-4D9DE21B39E8}"
EndProject
Project("{9A19103F-16F7-4668-BE54-9A1E7A4F7556}") = "DbLocalizationProvider", "src\DbLocalizationProvider\DbLocalizationProvider.csproj", "{B121E3D1-F850-4581-80E9-1C65665A8428}"
EndProject
Project("{2150E333-8FDC-42A3-9474-1A3956D46DE8}") = "NetCore", "NetCore", "{129D510D-EAD6-4E0F-B2AE-FC5CADC32C1B}"
EndProject
Project("{2150E333-8FDC-42A3-9474-1A3956D46DE8}") = "NetFx", "NetFx", "{EBAC16F6-5DC0-434D-BDE1-A3C525ED544F}"
EndProject
Project("{FAE04EC0-301F-11D3-BF4B-00C04F79EFBC}") = "DbLocalizationProvider.AspNet", "src\ClassLibrary1\DbLocalizationProvider.AspNet.csproj", "{BFFF1D76-E64F-47BE-B77E-E0873977B3B3}"
EndProject
Global
	GlobalSection(SolutionConfigurationPlatforms) = preSolution
		Debug|Any CPU = Debug|Any CPU
		Release|Any CPU = Release|Any CPU
	EndGlobalSection
	GlobalSection(ProjectConfigurationPlatforms) = postSolution
		{11B276D9-2672-419E-9C49-6E6F55E6D975}.Debug|Any CPU.ActiveCfg = Debug|Any CPU
		{11B276D9-2672-419E-9C49-6E6F55E6D975}.Debug|Any CPU.Build.0 = Debug|Any CPU
		{11B276D9-2672-419E-9C49-6E6F55E6D975}.Release|Any CPU.ActiveCfg = Release|Any CPU
		{11B276D9-2672-419E-9C49-6E6F55E6D975}.Release|Any CPU.Build.0 = Release|Any CPU
		{5453BED3-0A29-414C-9535-57264C1F37E9}.Debug|Any CPU.ActiveCfg = Debug|Any CPU
		{5453BED3-0A29-414C-9535-57264C1F37E9}.Debug|Any CPU.Build.0 = Debug|Any CPU
		{5453BED3-0A29-414C-9535-57264C1F37E9}.Release|Any CPU.ActiveCfg = Release|Any CPU
		{5453BED3-0A29-414C-9535-57264C1F37E9}.Release|Any CPU.Build.0 = Release|Any CPU
		{8537899B-31B5-49AA-A098-4D9DE21B39E8}.Debug|Any CPU.ActiveCfg = Debug|Any CPU
		{8537899B-31B5-49AA-A098-4D9DE21B39E8}.Debug|Any CPU.Build.0 = Debug|Any CPU
		{8537899B-31B5-49AA-A098-4D9DE21B39E8}.Release|Any CPU.ActiveCfg = Release|Any CPU
		{8537899B-31B5-49AA-A098-4D9DE21B39E8}.Release|Any CPU.Build.0 = Release|Any CPU
		{B121E3D1-F850-4581-80E9-1C65665A8428}.Debug|Any CPU.ActiveCfg = Debug|Any CPU
		{B121E3D1-F850-4581-80E9-1C65665A8428}.Debug|Any CPU.Build.0 = Debug|Any CPU
		{B121E3D1-F850-4581-80E9-1C65665A8428}.Release|Any CPU.ActiveCfg = Release|Any CPU
		{B121E3D1-F850-4581-80E9-1C65665A8428}.Release|Any CPU.Build.0 = Release|Any CPU
		{BFFF1D76-E64F-47BE-B77E-E0873977B3B3}.Debug|Any CPU.ActiveCfg = Debug|Any CPU
		{BFFF1D76-E64F-47BE-B77E-E0873977B3B3}.Debug|Any CPU.Build.0 = Debug|Any CPU
		{BFFF1D76-E64F-47BE-B77E-E0873977B3B3}.Release|Any CPU.ActiveCfg = Release|Any CPU
		{BFFF1D76-E64F-47BE-B77E-E0873977B3B3}.Release|Any CPU.Build.0 = Release|Any CPU
	EndGlobalSection
	GlobalSection(SolutionProperties) = preSolution
		HideSolutionNode = FALSE
	EndGlobalSection
	GlobalSection(NestedProjects) = preSolution
		{11B276D9-2672-419E-9C49-6E6F55E6D975} = {642D2790-5FA5-4250-A583-24703632C384}
		{8537899B-31B5-49AA-A098-4D9DE21B39E8} = {129D510D-EAD6-4E0F-B2AE-FC5CADC32C1B}
		{BFFF1D76-E64F-47BE-B77E-E0873977B3B3} = {EBAC16F6-5DC0-434D-BDE1-A3C525ED544F}
	EndGlobalSection
	GlobalSection(ExtensibilityGlobals) = postSolution
		SolutionGuid = {3132F4CD-7EB0-41DD-B326-F4C39FF97FD0}
	EndGlobalSection
EndGlobal
