
Microsoft Visual Studio Solution File, Format Version 12.00
# Visual Studio Version 16
VisualStudioVersion = 16.0.29709.97
MinimumVisualStudioVersion = 10.0.40219.1
Project("{9A19103F-16F7-4668-BE54-9A1E7A4F7556}") = "DbLocalizationProvider.Abstractions", "src\DbLocalizationProvider.Abstractions\DbLocalizationProvider.Abstractions.csproj", "{5453BED3-0A29-414C-9535-57264C1F37E9}"
EndProject
Project("{9A19103F-16F7-4668-BE54-9A1E7A4F7556}") = "DbLocalizationProvider", "src\DbLocalizationProvider\DbLocalizationProvider.csproj", "{B121E3D1-F850-4581-80E9-1C65665A8428}"
EndProject
Project("{2150E333-8FDC-42A3-9474-1A3956D46DE8}") = "tests", "tests", "{DF259C87-9633-46AF-B6E5-AA44E34878AB}"
EndProject
Project("{9A19103F-16F7-4668-BE54-9A1E7A4F7556}") = "DbLocalizationProvider.Tests", "Tests\DbLocalizationProvider.Tests\DbLocalizationProvider.Tests.csproj", "{0075E83B-79A1-4957-818C-CF9FDCAE80E5}"
EndProject
Project("{2150E333-8FDC-42A3-9474-1A3956D46DE8}") = "solution-items", "solution-items", "{C79C0F5F-7C56-42C8-84EB-31342C7609F7}"
	ProjectSection(SolutionItems) = preProject
		.editorconfig = .editorconfig
		.gitignore = .gitignore
		_config.yml = _config.yml
		build-packages.ps1 = build-packages.ps1
		LICENSE = LICENSE
		netfx.props = netfx.props
		nuget.config = nuget.config
		README.md = README.md
	EndProjectSection
EndProject
Project("{2150E333-8FDC-42A3-9474-1A3956D46DE8}") = "docs", "docs", "{EAB35BEA-94DE-4894-ABC3-5F306C5995F6}"
	ProjectSection(SolutionItems) = preProject
		docs\adminui-import.png = docs\adminui-import.png
		docs\cache-events.md = docs\cache-events.md
		docs\foreign-resources.md = docs\foreign-resources.md
		docs\hidden-resources.md = docs\hidden-resources.md
		docs\migr.md = docs\migr.md
		mssql.md = mssql.md
		docs\ref-resources.md = docs\ref-resources.md
		docs\required-fields.md = docs\required-fields.md
		docs\resource-types.md = docs\resource-types.md
		docs\sync-net.md = docs\sync-net.md
		docs\translate-enum-net.md = docs\translate-enum-net.md
		docs\v5.md = docs\v5.md
		docs\working-with-resources-net.md = docs\working-with-resources-net.md
		docs\xliff.md = docs\xliff.md
	EndProjectSection
EndProject
Project("{9A19103F-16F7-4668-BE54-9A1E7A4F7556}") = "DbLocalizationProvider.Storage.SqlServer.Tests", "Tests\DbLocalizationProvider.Storage.SqlServer.Tests\DbLocalizationProvider.Storage.SqlServer.Tests.csproj", "{D2278279-6985-44D0-BC7E-4D0145373812}"
EndProject
Project("{9A19103F-16F7-4668-BE54-9A1E7A4F7556}") = "DbLocalizationProvider.Storage.SqlServer", "src\DbLocalizationProvider.Storage.SqlServer\DbLocalizationProvider.Storage.SqlServer.csproj", "{B8BB7903-A6BA-4481-B837-2EC84C4E0A23}"
EndProject
Project("{9A19103F-16F7-4668-BE54-9A1E7A4F7556}") = "DbLocalizationProvider.Storage.PostgreSql", "src\DbLocalizationProvider.Storage.PostgreSQL\DbLocalizationProvider.Storage.PostgreSql.csproj", "{97F438A8-0D56-4A58-BB59-0E20CA0981A0}"
EndProject
Project("{9A19103F-16F7-4668-BE54-9A1E7A4F7556}") = "DbLocalizationProvider.Storage.PostgreSql.Tests", "Tests\DbLocalizationProvider.Storage.PostgreSql.Tests\DbLocalizationProvider.Storage.PostgreSql.Tests.csproj", "{C6BFB34C-8373-4B29-83BA-C1AFD82818F7}"
EndProject
Project("{9A19103F-16F7-4668-BE54-9A1E7A4F7556}") = "DbLocalizationProvider.AdminUI.Models", "src\DbLocalizationProvider.AdminUI.Models\DbLocalizationProvider.AdminUI.Models.csproj", "{4CDB113D-6605-4F4B-8ACA-25D1EEA3A015}"
EndProject
Global
	GlobalSection(SolutionConfigurationPlatforms) = preSolution
		Debug|Any CPU = Debug|Any CPU
		Release|Any CPU = Release|Any CPU
	EndGlobalSection
	GlobalSection(ProjectConfigurationPlatforms) = postSolution
		{5453BED3-0A29-414C-9535-57264C1F37E9}.Debug|Any CPU.ActiveCfg = Debug|Any CPU
		{5453BED3-0A29-414C-9535-57264C1F37E9}.Debug|Any CPU.Build.0 = Debug|Any CPU
		{5453BED3-0A29-414C-9535-57264C1F37E9}.Release|Any CPU.ActiveCfg = Release|Any CPU
		{5453BED3-0A29-414C-9535-57264C1F37E9}.Release|Any CPU.Build.0 = Release|Any CPU
		{B121E3D1-F850-4581-80E9-1C65665A8428}.Debug|Any CPU.ActiveCfg = Debug|Any CPU
		{B121E3D1-F850-4581-80E9-1C65665A8428}.Debug|Any CPU.Build.0 = Debug|Any CPU
		{B121E3D1-F850-4581-80E9-1C65665A8428}.Release|Any CPU.ActiveCfg = Release|Any CPU
		{B121E3D1-F850-4581-80E9-1C65665A8428}.Release|Any CPU.Build.0 = Release|Any CPU
		{0075E83B-79A1-4957-818C-CF9FDCAE80E5}.Debug|Any CPU.ActiveCfg = Debug|Any CPU
		{0075E83B-79A1-4957-818C-CF9FDCAE80E5}.Debug|Any CPU.Build.0 = Debug|Any CPU
		{0075E83B-79A1-4957-818C-CF9FDCAE80E5}.Release|Any CPU.ActiveCfg = Release|Any CPU
		{0075E83B-79A1-4957-818C-CF9FDCAE80E5}.Release|Any CPU.Build.0 = Release|Any CPU
		{D2278279-6985-44D0-BC7E-4D0145373812}.Debug|Any CPU.ActiveCfg = Debug|Any CPU
		{D2278279-6985-44D0-BC7E-4D0145373812}.Debug|Any CPU.Build.0 = Debug|Any CPU
		{D2278279-6985-44D0-BC7E-4D0145373812}.Release|Any CPU.ActiveCfg = Release|Any CPU
		{D2278279-6985-44D0-BC7E-4D0145373812}.Release|Any CPU.Build.0 = Release|Any CPU
		{B8BB7903-A6BA-4481-B837-2EC84C4E0A23}.Debug|Any CPU.ActiveCfg = Debug|Any CPU
		{B8BB7903-A6BA-4481-B837-2EC84C4E0A23}.Debug|Any CPU.Build.0 = Debug|Any CPU
		{B8BB7903-A6BA-4481-B837-2EC84C4E0A23}.Release|Any CPU.ActiveCfg = Release|Any CPU
		{B8BB7903-A6BA-4481-B837-2EC84C4E0A23}.Release|Any CPU.Build.0 = Release|Any CPU
		{97F438A8-0D56-4A58-BB59-0E20CA0981A0}.Debug|Any CPU.ActiveCfg = Debug|Any CPU
		{97F438A8-0D56-4A58-BB59-0E20CA0981A0}.Debug|Any CPU.Build.0 = Debug|Any CPU
		{97F438A8-0D56-4A58-BB59-0E20CA0981A0}.Release|Any CPU.ActiveCfg = Release|Any CPU
		{97F438A8-0D56-4A58-BB59-0E20CA0981A0}.Release|Any CPU.Build.0 = Release|Any CPU
		{C6BFB34C-8373-4B29-83BA-C1AFD82818F7}.Debug|Any CPU.ActiveCfg = Debug|Any CPU
		{C6BFB34C-8373-4B29-83BA-C1AFD82818F7}.Debug|Any CPU.Build.0 = Debug|Any CPU
		{C6BFB34C-8373-4B29-83BA-C1AFD82818F7}.Release|Any CPU.ActiveCfg = Release|Any CPU
		{C6BFB34C-8373-4B29-83BA-C1AFD82818F7}.Release|Any CPU.Build.0 = Release|Any CPU
		{4CDB113D-6605-4F4B-8ACA-25D1EEA3A015}.Debug|Any CPU.ActiveCfg = Debug|Any CPU
		{4CDB113D-6605-4F4B-8ACA-25D1EEA3A015}.Debug|Any CPU.Build.0 = Debug|Any CPU
		{4CDB113D-6605-4F4B-8ACA-25D1EEA3A015}.Release|Any CPU.ActiveCfg = Release|Any CPU
		{4CDB113D-6605-4F4B-8ACA-25D1EEA3A015}.Release|Any CPU.Build.0 = Release|Any CPU
	EndGlobalSection
	GlobalSection(SolutionProperties) = preSolution
		HideSolutionNode = FALSE
	EndGlobalSection
	GlobalSection(NestedProjects) = preSolution
		{0075E83B-79A1-4957-818C-CF9FDCAE80E5} = {DF259C87-9633-46AF-B6E5-AA44E34878AB}
		{EAB35BEA-94DE-4894-ABC3-5F306C5995F6} = {C79C0F5F-7C56-42C8-84EB-31342C7609F7}
		{D2278279-6985-44D0-BC7E-4D0145373812} = {DF259C87-9633-46AF-B6E5-AA44E34878AB}
		{C6BFB34C-8373-4B29-83BA-C1AFD82818F7} = {DF259C87-9633-46AF-B6E5-AA44E34878AB}
	EndGlobalSection
	GlobalSection(ExtensibilityGlobals) = postSolution
		SolutionGuid = {3132F4CD-7EB0-41DD-B326-F4C39FF97FD0}
	EndGlobalSection
EndGlobal
