
Microsoft Visual Studio Solution File, Format Version 12.00
# Visual Studio 15
VisualStudioVersion = 15.0.26228.9
MinimumVisualStudioVersion = 10.0.40219.1
Project("{FAE04EC0-301F-11D3-BF4B-00C04F79EFBC}") = "DbLocalizationProvider", "src\DbLocalizationProvider\DbLocalizationProvider.csproj", "{17CA5D23-46C3-44B1-8FA6-0F40B2E447BA}"
EndProject
Project("{FAE04EC0-301F-11D3-BF4B-00C04F79EFBC}") = "DbLocalizationProvider.AdminUI", "src\DbLocalizationProvider.AdminUI\DbLocalizationProvider.AdminUI.csproj", "{8F0618D8-8200-45E9-9D1E-B268E98E0A84}"
EndProject
Project("{2150E333-8FDC-42A3-9474-1A3956D46DE8}") = "Solution Items", "Solution Items", "{5497F127-3A46-43F3-8D60-0FC778DF0A86}"
	ProjectSection(SolutionItems) = preProject
		build-packages.ps1 = build-packages.ps1
		src\CommonAssemblyInfo.cs = src\CommonAssemblyInfo.cs
		README.md = README.md
	EndProjectSection
EndProject
Project("{FAE04EC0-301F-11D3-BF4B-00C04F79EFBC}") = "DbLocalizationProvider.MigrationTool", "src\DbLocalizationProvider.MigrationTool\DbLocalizationProvider.MigrationTool.csproj", "{5227C16B-342C-4097-A9ED-295CDD164A61}"
EndProject
Project("{2150E333-8FDC-42A3-9474-1A3956D46DE8}") = "Tests", "Tests", "{E32C93BC-E83C-4405-8970-BBBE422DAFC3}"
EndProject
Project("{FAE04EC0-301F-11D3-BF4B-00C04F79EFBC}") = "DbLocalizationProvider.MigrationTool.Tests", "Tests\DbLocalizationProvider.MigrationTool.Tests\DbLocalizationProvider.MigrationTool.Tests.csproj", "{E8441601-E1FD-49F1-B94A-B1F62C2D6433}"
EndProject
Project("{FAE04EC0-301F-11D3-BF4B-00C04F79EFBC}") = "DbLocalizationProvider.Tests", "Tests\DbLocalizationProvider.Tests\DbLocalizationProvider.Tests.csproj", "{0075E83B-79A1-4957-818C-CF9FDCAE80E5}"
EndProject
Project("{FAE04EC0-301F-11D3-BF4B-00C04F79EFBC}") = "DbLocalizationProvider.EPiServer", "src\DbLocalizationProvider.EPiServer\DbLocalizationProvider.EPiServer.csproj", "{86CBFEC7-8763-4BBA-B760-0A0C977C8C36}"
EndProject
Project("{FAE04EC0-301F-11D3-BF4B-00C04F79EFBC}") = "DbLocalizationProvider.MvcSample", "Tests\DbLocalizationProvider.MvcSample\DbLocalizationProvider.MvcSample.csproj", "{78C3B303-08D5-4F40-AE7D-16A23D9E8694}"
EndProject
Project("{FAE04EC0-301F-11D3-BF4B-00C04F79EFBC}") = "DbLocalizationProvider.AdminUI.EPiServer", "src\DbLocalizationProvider.AdminUI.EPiServer\DbLocalizationProvider.AdminUI.EPiServer.csproj", "{AA5FCD04-8113-4F0B-8E8E-5CF365B3D245}"
EndProject
Project("{2150E333-8FDC-42A3-9474-1A3956D46DE8}") = "EPiServer", "EPiServer", "{B67B1AE9-0FD1-4758-B380-ABD298B65EA4}"
EndProject
Project("{2150E333-8FDC-42A3-9474-1A3956D46DE8}") = "Tests", "Tests", "{01DDE351-7CF0-4E57-84F4-CF6E349C80A0}"
EndProject
Project("{FAE04EC0-301F-11D3-BF4B-00C04F79EFBC}") = "DbLocalizationProvider.EPiServer.Sample", "Tests\DbLocalizationProvider.EPiServer.Sample\DbLocalizationProvider.EPiServer.Sample.csproj", "{9482069F-3E36-4908-912D-26A84941C79F}"
EndProject
Project("{FAE04EC0-301F-11D3-BF4B-00C04F79EFBC}") = "DbLocalizationProvider.Abstractions", "src\DbLocalizationProvider.Abstractions\DbLocalizationProvider.Abstractions.csproj", "{5453BED3-0A29-414C-9535-57264C1F37E9}"
EndProject
Project("{FAE04EC0-301F-11D3-BF4B-00C04F79EFBC}") = "DbLocalizationProvider.EPiServer.JsResourceHandler", "src\DbLocalizationProvider.EPiServer.JsResourceHandler\DbLocalizationProvider.EPiServer.JsResourceHandler.csproj", "{809F8979-893D-4145-9397-133E3B547E05}"
EndProject
Project("{FAE04EC0-301F-11D3-BF4B-00C04F79EFBC}") = "DbLocalizationProvider.EPiServer.JsResourceHandler.Tests", "Tests\DbLocalizationProvider.EPiServer.JsResourceHandler.Tests\DbLocalizationProvider.EPiServer.JsResourceHandler.Tests.csproj", "{31E60905-0D56-465A-B9C6-3C6DB2E0EB59}"
EndProject
Global
	GlobalSection(SolutionConfigurationPlatforms) = preSolution
		Debug|Any CPU = Debug|Any CPU
		Release|Any CPU = Release|Any CPU
	EndGlobalSection
	GlobalSection(ProjectConfigurationPlatforms) = postSolution
		{17CA5D23-46C3-44B1-8FA6-0F40B2E447BA}.Debug|Any CPU.ActiveCfg = Debug|Any CPU
		{17CA5D23-46C3-44B1-8FA6-0F40B2E447BA}.Debug|Any CPU.Build.0 = Debug|Any CPU
		{17CA5D23-46C3-44B1-8FA6-0F40B2E447BA}.Release|Any CPU.ActiveCfg = Release|Any CPU
		{17CA5D23-46C3-44B1-8FA6-0F40B2E447BA}.Release|Any CPU.Build.0 = Release|Any CPU
		{8F0618D8-8200-45E9-9D1E-B268E98E0A84}.Debug|Any CPU.ActiveCfg = Debug|Any CPU
		{8F0618D8-8200-45E9-9D1E-B268E98E0A84}.Debug|Any CPU.Build.0 = Debug|Any CPU
		{8F0618D8-8200-45E9-9D1E-B268E98E0A84}.Release|Any CPU.ActiveCfg = Release|Any CPU
		{8F0618D8-8200-45E9-9D1E-B268E98E0A84}.Release|Any CPU.Build.0 = Release|Any CPU
		{5227C16B-342C-4097-A9ED-295CDD164A61}.Debug|Any CPU.ActiveCfg = Debug|Any CPU
		{5227C16B-342C-4097-A9ED-295CDD164A61}.Debug|Any CPU.Build.0 = Debug|Any CPU
		{5227C16B-342C-4097-A9ED-295CDD164A61}.Release|Any CPU.ActiveCfg = Release|Any CPU
		{5227C16B-342C-4097-A9ED-295CDD164A61}.Release|Any CPU.Build.0 = Release|Any CPU
		{E8441601-E1FD-49F1-B94A-B1F62C2D6433}.Debug|Any CPU.ActiveCfg = Debug|Any CPU
		{E8441601-E1FD-49F1-B94A-B1F62C2D6433}.Debug|Any CPU.Build.0 = Debug|Any CPU
		{E8441601-E1FD-49F1-B94A-B1F62C2D6433}.Release|Any CPU.ActiveCfg = Release|Any CPU
		{E8441601-E1FD-49F1-B94A-B1F62C2D6433}.Release|Any CPU.Build.0 = Release|Any CPU
		{0075E83B-79A1-4957-818C-CF9FDCAE80E5}.Debug|Any CPU.ActiveCfg = Debug|Any CPU
		{0075E83B-79A1-4957-818C-CF9FDCAE80E5}.Debug|Any CPU.Build.0 = Debug|Any CPU
		{0075E83B-79A1-4957-818C-CF9FDCAE80E5}.Release|Any CPU.ActiveCfg = Release|Any CPU
		{0075E83B-79A1-4957-818C-CF9FDCAE80E5}.Release|Any CPU.Build.0 = Release|Any CPU
		{86CBFEC7-8763-4BBA-B760-0A0C977C8C36}.Debug|Any CPU.ActiveCfg = Debug|Any CPU
		{86CBFEC7-8763-4BBA-B760-0A0C977C8C36}.Debug|Any CPU.Build.0 = Debug|Any CPU
		{86CBFEC7-8763-4BBA-B760-0A0C977C8C36}.Release|Any CPU.ActiveCfg = Release|Any CPU
		{86CBFEC7-8763-4BBA-B760-0A0C977C8C36}.Release|Any CPU.Build.0 = Release|Any CPU
		{78C3B303-08D5-4F40-AE7D-16A23D9E8694}.Debug|Any CPU.ActiveCfg = Debug|Any CPU
		{78C3B303-08D5-4F40-AE7D-16A23D9E8694}.Debug|Any CPU.Build.0 = Debug|Any CPU
		{78C3B303-08D5-4F40-AE7D-16A23D9E8694}.Release|Any CPU.ActiveCfg = Release|Any CPU
		{78C3B303-08D5-4F40-AE7D-16A23D9E8694}.Release|Any CPU.Build.0 = Release|Any CPU
		{AA5FCD04-8113-4F0B-8E8E-5CF365B3D245}.Debug|Any CPU.ActiveCfg = Debug|Any CPU
		{AA5FCD04-8113-4F0B-8E8E-5CF365B3D245}.Debug|Any CPU.Build.0 = Debug|Any CPU
		{AA5FCD04-8113-4F0B-8E8E-5CF365B3D245}.Release|Any CPU.ActiveCfg = Release|Any CPU
		{AA5FCD04-8113-4F0B-8E8E-5CF365B3D245}.Release|Any CPU.Build.0 = Release|Any CPU
		{9482069F-3E36-4908-912D-26A84941C79F}.Debug|Any CPU.ActiveCfg = Debug|Any CPU
		{9482069F-3E36-4908-912D-26A84941C79F}.Debug|Any CPU.Build.0 = Debug|Any CPU
		{9482069F-3E36-4908-912D-26A84941C79F}.Release|Any CPU.ActiveCfg = Release|Any CPU
		{9482069F-3E36-4908-912D-26A84941C79F}.Release|Any CPU.Build.0 = Release|Any CPU
		{5453BED3-0A29-414C-9535-57264C1F37E9}.Debug|Any CPU.ActiveCfg = Debug|Any CPU
		{5453BED3-0A29-414C-9535-57264C1F37E9}.Debug|Any CPU.Build.0 = Debug|Any CPU
		{5453BED3-0A29-414C-9535-57264C1F37E9}.Release|Any CPU.ActiveCfg = Release|Any CPU
		{5453BED3-0A29-414C-9535-57264C1F37E9}.Release|Any CPU.Build.0 = Release|Any CPU
		{809F8979-893D-4145-9397-133E3B547E05}.Debug|Any CPU.ActiveCfg = Debug|Any CPU
		{809F8979-893D-4145-9397-133E3B547E05}.Debug|Any CPU.Build.0 = Debug|Any CPU
		{809F8979-893D-4145-9397-133E3B547E05}.Release|Any CPU.ActiveCfg = Release|Any CPU
		{809F8979-893D-4145-9397-133E3B547E05}.Release|Any CPU.Build.0 = Release|Any CPU
		{31E60905-0D56-465A-B9C6-3C6DB2E0EB59}.Debug|Any CPU.ActiveCfg = Debug|Any CPU
		{31E60905-0D56-465A-B9C6-3C6DB2E0EB59}.Debug|Any CPU.Build.0 = Debug|Any CPU
		{31E60905-0D56-465A-B9C6-3C6DB2E0EB59}.Release|Any CPU.ActiveCfg = Release|Any CPU
		{31E60905-0D56-465A-B9C6-3C6DB2E0EB59}.Release|Any CPU.Build.0 = Release|Any CPU
	EndGlobalSection
	GlobalSection(SolutionProperties) = preSolution
		HideSolutionNode = FALSE
	EndGlobalSection
	GlobalSection(NestedProjects) = preSolution
		{5227C16B-342C-4097-A9ED-295CDD164A61} = {B67B1AE9-0FD1-4758-B380-ABD298B65EA4}
		{E8441601-E1FD-49F1-B94A-B1F62C2D6433} = {01DDE351-7CF0-4E57-84F4-CF6E349C80A0}
		{0075E83B-79A1-4957-818C-CF9FDCAE80E5} = {E32C93BC-E83C-4405-8970-BBBE422DAFC3}
		{86CBFEC7-8763-4BBA-B760-0A0C977C8C36} = {B67B1AE9-0FD1-4758-B380-ABD298B65EA4}
		{78C3B303-08D5-4F40-AE7D-16A23D9E8694} = {E32C93BC-E83C-4405-8970-BBBE422DAFC3}
		{AA5FCD04-8113-4F0B-8E8E-5CF365B3D245} = {B67B1AE9-0FD1-4758-B380-ABD298B65EA4}
		{01DDE351-7CF0-4E57-84F4-CF6E349C80A0} = {B67B1AE9-0FD1-4758-B380-ABD298B65EA4}
		{9482069F-3E36-4908-912D-26A84941C79F} = {01DDE351-7CF0-4E57-84F4-CF6E349C80A0}
		{809F8979-893D-4145-9397-133E3B547E05} = {B67B1AE9-0FD1-4758-B380-ABD298B65EA4}
		{31E60905-0D56-465A-B9C6-3C6DB2E0EB59} = {01DDE351-7CF0-4E57-84F4-CF6E349C80A0}
	EndGlobalSection
EndGlobal
